
Microsoft Visual Studio Solution File, Format Version 12.00
# Visual Studio Version 17
VisualStudioVersion = 17.3.32922.545
MinimumVisualStudioVersion = 10.0.40219.1
Project("{8BC9CEB8-8B4A-11D0-8D11-00A0C91BC942}") = "String", "String\String.vcxproj", "{B1426A38-5DC3-49F5-A917-8B0E396BD679}"
EndProject
Global
	GlobalSection(SolutionConfigurationPlatforms) = preSolution
		Debug|x64 = Debug|x64
		Debug|x86 = Debug|x86
		Release|x64 = Release|x64
		Release|x86 = Release|x86
	EndGlobalSection
	GlobalSection(ProjectConfigurationPlatforms) = postSolution
		{B1426A38-5DC3-49F5-A917-8B0E396BD679}.Debug|x64.ActiveCfg = Debug|x64
		{B1426A38-5DC3-49F5-A917-8B0E396BD679}.Debug|x64.Build.0 = Debug|x64
		{B1426A38-5DC3-49F5-A917-8B0E396BD679}.Debug|x86.ActiveCfg = Debug|Win32
		{B1426A38-5DC3-49F5-A917-8B0E396BD679}.Debug|x86.Build.0 = Debug|Win32
		{B1426A38-5DC3-49F5-A917-8B0E396BD679}.Release|x64.ActiveCfg = Release|x64
		{B1426A38-5DC3-49F5-A917-8B0E396BD679}.Release|x64.Build.0 = Release|x64
		{B1426A38-5DC3-49F5-A917-8B0E396BD679}.Release|x86.ActiveCfg = Release|Win32
		{B1426A38-5DC3-49F5-A917-8B0E396BD679}.Release|x86.Build.0 = Release|Win32
	EndGlobalSection
	GlobalSection(SolutionProperties) = preSolution
		HideSolutionNode = FALSE
	EndGlobalSection
	GlobalSection(ExtensibilityGlobals) = postSolution
		SolutionGuid = {56F41864-BB31-45C3-99E4-98E3D9AD5DF8}
	EndGlobalSection
EndGlobal
