
Microsoft Visual Studio Solution File, Format Version 12.00
# Visual Studio Version 17
VisualStudioVersion = 17.3.32922.545
MinimumVisualStudioVersion = 10.0.40219.1
Project("{8BC9CEB8-8B4A-11D0-8D11-00A0C91BC942}") = "list", "list\list.vcxproj", "{F346598A-C2A2-4AEE-82F1-0FB871C82A7F}"
EndProject
Global
	GlobalSection(SolutionConfigurationPlatforms) = preSolution
		Debug|x64 = Debug|x64
		Debug|x86 = Debug|x86
		Release|x64 = Release|x64
		Release|x86 = Release|x86
	EndGlobalSection
	GlobalSection(ProjectConfigurationPlatforms) = postSolution
		{F346598A-C2A2-4AEE-82F1-0FB871C82A7F}.Debug|x64.ActiveCfg = Debug|x64
		{F346598A-C2A2-4AEE-82F1-0FB871C82A7F}.Debug|x64.Build.0 = Debug|x64
		{F346598A-C2A2-4AEE-82F1-0FB871C82A7F}.Debug|x86.ActiveCfg = Debug|Win32
		{F346598A-C2A2-4AEE-82F1-0FB871C82A7F}.Debug|x86.Build.0 = Debug|Win32
		{F346598A-C2A2-4AEE-82F1-0FB871C82A7F}.Release|x64.ActiveCfg = Release|x64
		{F346598A-C2A2-4AEE-82F1-0FB871C82A7F}.Release|x64.Build.0 = Release|x64
		{F346598A-C2A2-4AEE-82F1-0FB871C82A7F}.Release|x86.ActiveCfg = Release|Win32
		{F346598A-C2A2-4AEE-82F1-0FB871C82A7F}.Release|x86.Build.0 = Release|Win32
	EndGlobalSection
	GlobalSection(SolutionProperties) = preSolution
		HideSolutionNode = FALSE
	EndGlobalSection
	GlobalSection(ExtensibilityGlobals) = postSolution
		SolutionGuid = {6DCB29DC-520C-4B32-8864-605BFD07DF40}
	EndGlobalSection
EndGlobal
